<?xml version="1.0" encoding="UTF-8"?>
<Scheme
   LastUpgradeVersion = "0510"
   version = "1.7">
   <BuildAction
      parallelizeBuildables = "YES"
      buildImplicitDependencies = "YES">
      <BuildActionEntries>
         <BuildActionEntry
            buildForTesting = "YES"
            buildForRunning = "YES"
            buildForProfiling = "YES"
            buildForArchiving = "YES"
            buildForAnalyzing = "YES">
            <BuildableReference
               BuildableIdentifier = "primary"
               BlueprintIdentifier = "DF7EC2C519657D83004730C4"
               BuildableName = "UnivMobile.app"
               BlueprintName = "UnivMobile"
               ReferencedContainer = "container:UnivMobile.xcodeproj">
            </BuildableReference>
         </BuildActionEntry>
      </BuildActionEntries>
   </BuildAction>
   <TestAction
      selectedDebuggerIdentifier = "Xcode.DebuggerFoundation.Debugger.LLDB"
      selectedLauncherIdentifier = "Xcode.DebuggerFoundation.Launcher.LLDB"
      shouldUseLaunchSchemeArgsEnv = "YES"
      buildConfiguration = "Debug">
      <Testables>
         <TestableReference
            skipped = "NO">
            <BuildableReference
               BuildableIdentifier = "primary"
               BlueprintIdentifier = "DF7EC2E019657D83004730C4"
               BuildableName = "UnivMobileTests.xctest"
               BlueprintName = "UnivMobileTests"
               ReferencedContainer = "container:UnivMobile.xcodeproj">
            </BuildableReference>
         </TestableReference>
      </Testables>
      <MacroExpansion>
         <BuildableReference
            BuildableIdentifier = "primary"
            BlueprintIdentifier = "DF7EC2C519657D83004730C4"
            BuildableName = "UnivMobile.app"
            BlueprintName = "UnivMobile"
            ReferencedContainer = "container:UnivMobile.xcodeproj">
         </BuildableReference>
      </MacroExpansion>
   </TestAction>
   <LaunchAction
      selectedDebuggerIdentifier = "Xcode.DebuggerFoundation.Debugger.LLDB"
      selectedLauncherIdentifier = "Xcode.DebuggerFoundation.Launcher.LLDB"
      launchStyle = "0"
      useCustomWorkingDirectory = "NO"
      buildConfiguration = "Debug"
      ignoresPersistentStateOnLaunch = "NO"
      debugDocumentVersioning = "YES"
      allowLocationSimulation = "YES">
      <BuildableProductRunnable>
         <BuildableReference
            BuildableIdentifier = "primary"
            BlueprintIdentifier = "DF7EC2C519657D83004730C4"
            BuildableName = "UnivMobile.app"
            BlueprintName = "UnivMobile"
            ReferencedContainer = "container:UnivMobile.xcodeproj">
         </BuildableReference>
      </BuildableProductRunnable>
      <AdditionalOptions>
      </AdditionalOptions>
   </LaunchAction>
   <ProfileAction
      shouldUseLaunchSchemeArgsEnv = "YES"
      savedToolIdentifier = ""
      useCustomWorkingDirectory = "NO"
      buildConfiguration = "Release"
      debugDocumentVersioning = "YES">
      <BuildableProductRunnable>
         <BuildableReference
            BuildableIdentifier = "primary"
            BlueprintIdentifier = "DF7EC2C519657D83004730C4"
            BuildableName = "UnivMobile.app"
            BlueprintName = "UnivMobile"
            ReferencedContainer = "container:UnivMobile.xcodeproj">
         </BuildableReference>
      </BuildableProductRunnable>
   </ProfileAction>
   <AnalyzeAction
      buildConfiguration = "Debug">
   </AnalyzeAction>
   <ArchiveAction
      buildConfiguration = "Distribution"
      revealArchiveInOrganizer = "YES">
      <PostActions>
         <ExecutionAction
            ActionType = "Xcode.IDEStandardExecutionActionsCore.ExecutionActionType.ShellScriptAction">
            <ActionContent
               title = "Run Script"
               scriptText = "BUILD_DIR=$PROJECT_DIR/build&#10;echo &quot;ARCHIVE_PATH=\&quot;$ARCHIVE_PATH\&quot;&quot; &gt; $BUILD_DIR/archive_paths.sh&#10;echo &quot;ARCHIVE_PRODUCTS_PATH=\&quot;$ARCHIVE_PRODUCTS_PATH\&quot;&quot; &gt;&gt; $BUILD_DIR/archive_paths.sh&#10;echo &quot;ARCHIVE_DSYMS_PATH=\&quot;$ARCHIVE_DSYMS_PATH\&quot;&quot; &gt;&gt; $BUILD_DIR/archive_paths.sh&#10;echo &quot;INFOPLIST_PATH=\&quot;$INFOPLIST_PATH\&quot;&quot; &gt;&gt; $BUILD_DIR/archive_paths.sh">
               <EnvironmentBuildable>
                  <BuildableReference
                     BuildableIdentifier = "primary"
                     BlueprintIdentifier = "DF7EC2C519657D83004730C4"
                     BuildableName = "UnivMobile.app"
                     BlueprintName = "UnivMobile"
                     ReferencedContainer = "container:UnivMobile.xcodeproj">
                  </BuildableReference>
               </EnvironmentBuildable>
            </ActionContent>
         </ExecutionAction>
      </PostActions>
   </ArchiveAction>
</Scheme>
